
Microsoft Visual Studio Solution File, Format Version 12.00
# Visual Studio 15
VisualStudioVersion = 15.0.26430.6
MinimumVisualStudioVersion = 10.0.40219.1
Project("{FAE04EC0-301F-11D3-BF4B-00C04F79EFBC}") = "ColorRGB", "ColorRGB\ColorRGB.csproj", "{0E613714-66D9-4D8A-9799-EB37728BAE45}"
EndProject
Project("{FAE04EC0-301F-11D3-BF4B-00C04F79EFBC}") = "MatrixToImage", "MatrixToImage\MatrixToImage.csproj", "{B84ACCFD-730C-4E61-A0CC-D76D682E095D}"
EndProject
Project("{FAE04EC0-301F-11D3-BF4B-00C04F79EFBC}") = "CovertBitmapToImage", "CovertBitmapToImage\CovertBitmapToImage.csproj", "{D7AF5971-5DF8-4E72-959A-E29A5C79010A}"
EndProject
Project("{FAE04EC0-301F-11D3-BF4B-00C04F79EFBC}") = "SobelH", "SobelH\SobelH.csproj", "{AC7C0713-35F2-4CDE-B0C2-40C5D34C5897}"
EndProject
Project("{FAE04EC0-301F-11D3-BF4B-00C04F79EFBC}") = "CombineSobel", "CombineSobel\CombineSobel.csproj", "{A4C001DA-2862-478D-898B-6728A5E94223}"
EndProject
Global
	GlobalSection(SolutionConfigurationPlatforms) = preSolution
		Debug|Any CPU = Debug|Any CPU
		Release|Any CPU = Release|Any CPU
	EndGlobalSection
	GlobalSection(ProjectConfigurationPlatforms) = postSolution
		{0E613714-66D9-4D8A-9799-EB37728BAE45}.Debug|Any CPU.ActiveCfg = Debug|Any CPU
		{0E613714-66D9-4D8A-9799-EB37728BAE45}.Debug|Any CPU.Build.0 = Debug|Any CPU
		{0E613714-66D9-4D8A-9799-EB37728BAE45}.Release|Any CPU.ActiveCfg = Release|Any CPU
		{0E613714-66D9-4D8A-9799-EB37728BAE45}.Release|Any CPU.Build.0 = Release|Any CPU
		{B84ACCFD-730C-4E61-A0CC-D76D682E095D}.Debug|Any CPU.ActiveCfg = Debug|Any CPU
		{B84ACCFD-730C-4E61-A0CC-D76D682E095D}.Debug|Any CPU.Build.0 = Debug|Any CPU
		{B84ACCFD-730C-4E61-A0CC-D76D682E095D}.Release|Any CPU.ActiveCfg = Release|Any CPU
		{B84ACCFD-730C-4E61-A0CC-D76D682E095D}.Release|Any CPU.Build.0 = Release|Any CPU
		{D7AF5971-5DF8-4E72-959A-E29A5C79010A}.Debug|Any CPU.ActiveCfg = Debug|Any CPU
		{D7AF5971-5DF8-4E72-959A-E29A5C79010A}.Debug|Any CPU.Build.0 = Debug|Any CPU
		{D7AF5971-5DF8-4E72-959A-E29A5C79010A}.Release|Any CPU.ActiveCfg = Release|Any CPU
		{D7AF5971-5DF8-4E72-959A-E29A5C79010A}.Release|Any CPU.Build.0 = Release|Any CPU
		{AC7C0713-35F2-4CDE-B0C2-40C5D34C5897}.Debug|Any CPU.ActiveCfg = Debug|Any CPU
		{AC7C0713-35F2-4CDE-B0C2-40C5D34C5897}.Debug|Any CPU.Build.0 = Debug|Any CPU
		{AC7C0713-35F2-4CDE-B0C2-40C5D34C5897}.Release|Any CPU.ActiveCfg = Release|Any CPU
		{AC7C0713-35F2-4CDE-B0C2-40C5D34C5897}.Release|Any CPU.Build.0 = Release|Any CPU
		{A4C001DA-2862-478D-898B-6728A5E94223}.Debug|Any CPU.ActiveCfg = Debug|Any CPU
		{A4C001DA-2862-478D-898B-6728A5E94223}.Debug|Any CPU.Build.0 = Debug|Any CPU
		{A4C001DA-2862-478D-898B-6728A5E94223}.Release|Any CPU.ActiveCfg = Release|Any CPU
		{A4C001DA-2862-478D-898B-6728A5E94223}.Release|Any CPU.Build.0 = Release|Any CPU
	EndGlobalSection
	GlobalSection(SolutionProperties) = preSolution
		HideSolutionNode = FALSE
	EndGlobalSection
EndGlobal
